
Microsoft Visual Studio Solution File, Format Version 12.00
Project("{FAE04EC0-301F-11D3-BF4B-00C04F79EFBC}") = "Warships", "Warships\Warships.csproj", "{B56141E5-2C17-4E97-92A2-7A1ABFB5A0BF}"
EndProject
Project("{FAE04EC0-301F-11D3-BF4B-00C04F79EFBC}") = "Warships.game", "Warships.game\Warships.game.csproj", "{EB2FFD64-83E3-46FD-9BC5-A2391DE2326E}"
EndProject
Project("{FAE04EC0-301F-11D3-BF4B-00C04F79EFBC}") = "Warships.tests.unit", "Warships.tests.unit\Warships.tests.unit.csproj", "{157E6910-2379-4041-BFC2-F2C3F5DC0972}"
EndProject
Project("{FAE04EC0-301F-11D3-BF4B-00C04F79EFBC}") = "Warships.common", "Warships.common\Warships.common.csproj", "{C83AA399-2F2F-4D5B-80A1-93965C5D9F2E}"
EndProject
Global
	GlobalSection(SolutionConfigurationPlatforms) = preSolution
		Debug|Any CPU = Debug|Any CPU
		Release|Any CPU = Release|Any CPU
	EndGlobalSection
	GlobalSection(ProjectConfigurationPlatforms) = postSolution
		{B56141E5-2C17-4E97-92A2-7A1ABFB5A0BF}.Debug|Any CPU.ActiveCfg = Debug|Any CPU
		{B56141E5-2C17-4E97-92A2-7A1ABFB5A0BF}.Debug|Any CPU.Build.0 = Debug|Any CPU
		{B56141E5-2C17-4E97-92A2-7A1ABFB5A0BF}.Release|Any CPU.ActiveCfg = Release|Any CPU
		{B56141E5-2C17-4E97-92A2-7A1ABFB5A0BF}.Release|Any CPU.Build.0 = Release|Any CPU
		{EB2FFD64-83E3-46FD-9BC5-A2391DE2326E}.Debug|Any CPU.ActiveCfg = Debug|Any CPU
		{EB2FFD64-83E3-46FD-9BC5-A2391DE2326E}.Debug|Any CPU.Build.0 = Debug|Any CPU
		{EB2FFD64-83E3-46FD-9BC5-A2391DE2326E}.Release|Any CPU.ActiveCfg = Release|Any CPU
		{EB2FFD64-83E3-46FD-9BC5-A2391DE2326E}.Release|Any CPU.Build.0 = Release|Any CPU
		{157E6910-2379-4041-BFC2-F2C3F5DC0972}.Debug|Any CPU.ActiveCfg = Debug|Any CPU
		{157E6910-2379-4041-BFC2-F2C3F5DC0972}.Debug|Any CPU.Build.0 = Debug|Any CPU
		{157E6910-2379-4041-BFC2-F2C3F5DC0972}.Release|Any CPU.ActiveCfg = Release|Any CPU
		{157E6910-2379-4041-BFC2-F2C3F5DC0972}.Release|Any CPU.Build.0 = Release|Any CPU
		{C83AA399-2F2F-4D5B-80A1-93965C5D9F2E}.Debug|Any CPU.ActiveCfg = Debug|Any CPU
		{C83AA399-2F2F-4D5B-80A1-93965C5D9F2E}.Debug|Any CPU.Build.0 = Debug|Any CPU
		{C83AA399-2F2F-4D5B-80A1-93965C5D9F2E}.Release|Any CPU.ActiveCfg = Release|Any CPU
		{C83AA399-2F2F-4D5B-80A1-93965C5D9F2E}.Release|Any CPU.Build.0 = Release|Any CPU
	EndGlobalSection
EndGlobal
